
Microsoft Visual Studio Solution File, Format Version 12.00
# Visual Studio Version 16
VisualStudioVersion = 16.0.32413.511
MinimumVisualStudioVersion = 10.0.40219.1
Project("{FAE04EC0-301F-11D3-BF4B-00C04F79EFBC}") = "Test01", "Test01.csproj", "{02584104-961B-4200-953F-F6DE0CE54CFD}"
EndProject
Global
	GlobalSection(SolutionConfigurationPlatforms) = preSolution
		Debug|Any CPU = Debug|Any CPU
		Release|Any CPU = Release|Any CPU
	EndGlobalSection
	GlobalSection(ProjectConfigurationPlatforms) = postSolution
		{02584104-961B-4200-953F-F6DE0CE54CFD}.Debug|Any CPU.ActiveCfg = Debug|Any CPU
		{02584104-961B-4200-953F-F6DE0CE54CFD}.Debug|Any CPU.Build.0 = Debug|Any CPU
		{02584104-961B-4200-953F-F6DE0CE54CFD}.Release|Any CPU.ActiveCfg = Release|Any CPU
		{02584104-961B-4200-953F-F6DE0CE54CFD}.Release|Any CPU.Build.0 = Release|Any CPU
	EndGlobalSection
	GlobalSection(SolutionProperties) = preSolution
		HideSolutionNode = FALSE
	EndGlobalSection
	GlobalSection(ExtensibilityGlobals) = postSolution
		SolutionGuid = {7BE1F80A-4751-46BB-9006-C91E8FDEB5A9}
	EndGlobalSection
EndGlobal
